
Microsoft Visual Studio Solution File, Format Version 12.00
# Visual Studio Version 16
VisualStudioVersion = 16.0.30611.23
MinimumVisualStudioVersion = 10.0.40219.1
Project("{FAE04EC0-301F-11D3-BF4B-00C04F79EFBC}") = "Calculator", "Calculator.csproj", "{925D0AD8-C186-4793-9892-53122E4F2621}"
EndProject
Global
	GlobalSection(SolutionConfigurationPlatforms) = preSolution
		Debug|Any CPU = Debug|Any CPU
		Release|Any CPU = Release|Any CPU
	EndGlobalSection
	GlobalSection(ProjectConfigurationPlatforms) = postSolution
		{925D0AD8-C186-4793-9892-53122E4F2621}.Debug|Any CPU.ActiveCfg = Debug|Any CPU
		{925D0AD8-C186-4793-9892-53122E4F2621}.Debug|Any CPU.Build.0 = Debug|Any CPU
		{925D0AD8-C186-4793-9892-53122E4F2621}.Release|Any CPU.ActiveCfg = Release|Any CPU
		{925D0AD8-C186-4793-9892-53122E4F2621}.Release|Any CPU.Build.0 = Release|Any CPU
	EndGlobalSection
	GlobalSection(SolutionProperties) = preSolution
		HideSolutionNode = FALSE
	EndGlobalSection
	GlobalSection(ExtensibilityGlobals) = postSolution
		SolutionGuid = {08FF6144-AC05-4F92-A9A8-419436C38318}
	EndGlobalSection
EndGlobal
